
Microsoft Visual Studio Solution File, Format Version 12.00
# Visual Studio Version 16
VisualStudioVersion = 16.0.30503.244
MinimumVisualStudioVersion = 10.0.40219.1
Project("{2150E333-8FDC-42A3-9474-1A3956D46DE8}") = "src", "src", "{6E76B9C9-4A6F-436B-93B0-86D5D3DE774E}"
EndProject
Project("{2150E333-8FDC-42A3-9474-1A3956D46DE8}") = "building blocks", "building blocks", "{952B3815-3D6B-407C-92D9-FF60301C5FFD}"
EndProject
Project("{2150E333-8FDC-42A3-9474-1A3956D46DE8}") = "services", "services", "{6A83F81E-1A78-450C-A5CB-EA5464229840}"
EndProject
Project("{2150E333-8FDC-42A3-9474-1A3956D46DE8}") = "web", "web", "{A0D7E051-048E-4FCC-AFEF-F7B1BDFB6C08}"
EndProject
Project("{9A19103F-16F7-4668-BE54-9A1E7A4F7556}") = "CST.WebApp.MVC", "src\web\CST.WebApp.MVC\CST.WebApp.MVC.csproj", "{DB6C879C-3787-4D00-8154-7A4FE7F57034}"
EndProject
Project("{2150E333-8FDC-42A3-9474-1A3956D46DE8}") = "Identidade", "Identidade", "{DCC63CFB-5335-445E-8BF1-3AC25854ECA4}"
EndProject
Project("{2150E333-8FDC-42A3-9474-1A3956D46DE8}") = "Produto", "Produto", "{BA936B2D-6F45-4E9E-9537-6759F2A7E08B}"
EndProject
Project("{2150E333-8FDC-42A3-9474-1A3956D46DE8}") = "Categoria", "Categoria", "{2216F27D-04E6-44F1-B27F-0618D2085593}"
EndProject
Project("{2150E333-8FDC-42A3-9474-1A3956D46DE8}") = "core", "core", "{BB3F8271-F79C-4DF4-BCE8-C841F184D2E0}"
EndProject
Project("{2150E333-8FDC-42A3-9474-1A3956D46DE8}") = "services", "services", "{F007C283-95AE-499F-99B7-44DD6370E056}"
EndProject
Project("{9A19103F-16F7-4668-BE54-9A1E7A4F7556}") = "CST.Identidade.API", "src\services\CST.Identidade.API\CST.Identidade.API.csproj", "{00C6DF29-36EA-493A-8DE5-604A06970C5E}"
EndProject
Project("{9A19103F-16F7-4668-BE54-9A1E7A4F7556}") = "CST.WebAPI.Core", "src\building blocks\CST.WebAPI.Core\CST.WebAPI.Core.csproj", "{5CD7547C-FEF5-41AE-8883-BAF1D8875AB5}"
EndProject
Project("{9A19103F-16F7-4668-BE54-9A1E7A4F7556}") = "CST.Core", "src\building blocks\CST.Core\CST.Core.csproj", "{40DF3766-0F50-4F25-8FA2-937713F6E8DF}"
EndProject
Project("{9A19103F-16F7-4668-BE54-9A1E7A4F7556}") = "CST.Categoria.API", "src\services\CST.Categoria.API\CST.Categoria.API.csproj", "{261E20CD-E95D-4D38-BCC5-4285F596B5ED}"
EndProject
Project("{FAE04EC0-301F-11D3-BF4B-00C04F79EFBC}") = "CST.Produtos.API", "src\services\CST.Produtos.API\CST.Produtos.API.csproj", "{F39F1031-CF3A-40A9-89C2-93D942DB716D}"
EndProject
Global
	GlobalSection(SolutionConfigurationPlatforms) = preSolution
		Debug|Any CPU = Debug|Any CPU
		Release|Any CPU = Release|Any CPU
	EndGlobalSection
	GlobalSection(ProjectConfigurationPlatforms) = postSolution
		{DB6C879C-3787-4D00-8154-7A4FE7F57034}.Debug|Any CPU.ActiveCfg = Debug|Any CPU
		{DB6C879C-3787-4D00-8154-7A4FE7F57034}.Debug|Any CPU.Build.0 = Debug|Any CPU
		{DB6C879C-3787-4D00-8154-7A4FE7F57034}.Release|Any CPU.ActiveCfg = Release|Any CPU
		{DB6C879C-3787-4D00-8154-7A4FE7F57034}.Release|Any CPU.Build.0 = Release|Any CPU
		{00C6DF29-36EA-493A-8DE5-604A06970C5E}.Debug|Any CPU.ActiveCfg = Debug|Any CPU
		{00C6DF29-36EA-493A-8DE5-604A06970C5E}.Debug|Any CPU.Build.0 = Debug|Any CPU
		{00C6DF29-36EA-493A-8DE5-604A06970C5E}.Release|Any CPU.ActiveCfg = Release|Any CPU
		{00C6DF29-36EA-493A-8DE5-604A06970C5E}.Release|Any CPU.Build.0 = Release|Any CPU
		{5CD7547C-FEF5-41AE-8883-BAF1D8875AB5}.Debug|Any CPU.ActiveCfg = Debug|Any CPU
		{5CD7547C-FEF5-41AE-8883-BAF1D8875AB5}.Debug|Any CPU.Build.0 = Debug|Any CPU
		{5CD7547C-FEF5-41AE-8883-BAF1D8875AB5}.Release|Any CPU.ActiveCfg = Release|Any CPU
		{5CD7547C-FEF5-41AE-8883-BAF1D8875AB5}.Release|Any CPU.Build.0 = Release|Any CPU
		{40DF3766-0F50-4F25-8FA2-937713F6E8DF}.Debug|Any CPU.ActiveCfg = Debug|Any CPU
		{40DF3766-0F50-4F25-8FA2-937713F6E8DF}.Debug|Any CPU.Build.0 = Debug|Any CPU
		{40DF3766-0F50-4F25-8FA2-937713F6E8DF}.Release|Any CPU.ActiveCfg = Release|Any CPU
		{40DF3766-0F50-4F25-8FA2-937713F6E8DF}.Release|Any CPU.Build.0 = Release|Any CPU
		{261E20CD-E95D-4D38-BCC5-4285F596B5ED}.Debug|Any CPU.ActiveCfg = Debug|Any CPU
		{261E20CD-E95D-4D38-BCC5-4285F596B5ED}.Debug|Any CPU.Build.0 = Debug|Any CPU
		{261E20CD-E95D-4D38-BCC5-4285F596B5ED}.Release|Any CPU.ActiveCfg = Release|Any CPU
		{261E20CD-E95D-4D38-BCC5-4285F596B5ED}.Release|Any CPU.Build.0 = Release|Any CPU
		{F39F1031-CF3A-40A9-89C2-93D942DB716D}.Debug|Any CPU.ActiveCfg = Debug|Any CPU
		{F39F1031-CF3A-40A9-89C2-93D942DB716D}.Debug|Any CPU.Build.0 = Debug|Any CPU
		{F39F1031-CF3A-40A9-89C2-93D942DB716D}.Release|Any CPU.ActiveCfg = Release|Any CPU
		{F39F1031-CF3A-40A9-89C2-93D942DB716D}.Release|Any CPU.Build.0 = Release|Any CPU
	EndGlobalSection
	GlobalSection(SolutionProperties) = preSolution
		HideSolutionNode = FALSE
	EndGlobalSection
	GlobalSection(NestedProjects) = preSolution
		{952B3815-3D6B-407C-92D9-FF60301C5FFD} = {6E76B9C9-4A6F-436B-93B0-86D5D3DE774E}
		{6A83F81E-1A78-450C-A5CB-EA5464229840} = {6E76B9C9-4A6F-436B-93B0-86D5D3DE774E}
		{A0D7E051-048E-4FCC-AFEF-F7B1BDFB6C08} = {6E76B9C9-4A6F-436B-93B0-86D5D3DE774E}
		{DB6C879C-3787-4D00-8154-7A4FE7F57034} = {A0D7E051-048E-4FCC-AFEF-F7B1BDFB6C08}
		{DCC63CFB-5335-445E-8BF1-3AC25854ECA4} = {6A83F81E-1A78-450C-A5CB-EA5464229840}
		{BA936B2D-6F45-4E9E-9537-6759F2A7E08B} = {6A83F81E-1A78-450C-A5CB-EA5464229840}
		{2216F27D-04E6-44F1-B27F-0618D2085593} = {6A83F81E-1A78-450C-A5CB-EA5464229840}
		{BB3F8271-F79C-4DF4-BCE8-C841F184D2E0} = {952B3815-3D6B-407C-92D9-FF60301C5FFD}
		{F007C283-95AE-499F-99B7-44DD6370E056} = {952B3815-3D6B-407C-92D9-FF60301C5FFD}
		{00C6DF29-36EA-493A-8DE5-604A06970C5E} = {DCC63CFB-5335-445E-8BF1-3AC25854ECA4}
		{5CD7547C-FEF5-41AE-8883-BAF1D8875AB5} = {F007C283-95AE-499F-99B7-44DD6370E056}
		{40DF3766-0F50-4F25-8FA2-937713F6E8DF} = {BB3F8271-F79C-4DF4-BCE8-C841F184D2E0}
		{261E20CD-E95D-4D38-BCC5-4285F596B5ED} = {2216F27D-04E6-44F1-B27F-0618D2085593}
		{F39F1031-CF3A-40A9-89C2-93D942DB716D} = {BA936B2D-6F45-4E9E-9537-6759F2A7E08B}
	EndGlobalSection
	GlobalSection(ExtensibilityGlobals) = postSolution
		SolutionGuid = {0E2BE53A-3345-4978-B46E-428E6E6D88AE}
	EndGlobalSection
EndGlobal
